
Microsoft Visual Studio Solution File, Format Version 12.00
# Visual Studio Version 17
VisualStudioVersion = 17.8.34525.116
MinimumVisualStudioVersion = 10.0.40219.1
Project("{FAE04EC0-301F-11D3-BF4B-00C04F79EFBC}") = "laba1", "laba1\laba1.csproj", "{CCF2889E-855C-44BB-8CA8-879F5ABDFACC}"
EndProject
Global
	GlobalSection(SolutionConfigurationPlatforms) = preSolution
		Debug|Any CPU = Debug|Any CPU
		Release|Any CPU = Release|Any CPU
	EndGlobalSection
	GlobalSection(ProjectConfigurationPlatforms) = postSolution
		{CCF2889E-855C-44BB-8CA8-879F5ABDFACC}.Debug|Any CPU.ActiveCfg = Debug|Any CPU
		{CCF2889E-855C-44BB-8CA8-879F5ABDFACC}.Debug|Any CPU.Build.0 = Debug|Any CPU
		{CCF2889E-855C-44BB-8CA8-879F5ABDFACC}.Release|Any CPU.ActiveCfg = Release|Any CPU
		{CCF2889E-855C-44BB-8CA8-879F5ABDFACC}.Release|Any CPU.Build.0 = Release|Any CPU
	EndGlobalSection
	GlobalSection(SolutionProperties) = preSolution
		HideSolutionNode = FALSE
	EndGlobalSection
	GlobalSection(ExtensibilityGlobals) = postSolution
		SolutionGuid = {5CEDBBD6-D624-4191-BB10-80277F426C45}
	EndGlobalSection
EndGlobal
