
Microsoft Visual Studio Solution File, Format Version 12.00
# Visual Studio Version 17
VisualStudioVersion = 17.9.34622.214
MinimumVisualStudioVersion = 10.0.40219.1
Project("{FAE04EC0-301F-11D3-BF4B-00C04F79EFBC}") = "Client", "Client\Client.csproj", "{6A85FD3E-9DC8-41E9-86EC-E0C692906FDA}"
EndProject
Global
	GlobalSection(SolutionConfigurationPlatforms) = preSolution
		Debug|Any CPU = Debug|Any CPU
		Release|Any CPU = Release|Any CPU
	EndGlobalSection
	GlobalSection(ProjectConfigurationPlatforms) = postSolution
		{6A85FD3E-9DC8-41E9-86EC-E0C692906FDA}.Debug|Any CPU.ActiveCfg = Debug|Any CPU
		{6A85FD3E-9DC8-41E9-86EC-E0C692906FDA}.Debug|Any CPU.Build.0 = Debug|Any CPU
		{6A85FD3E-9DC8-41E9-86EC-E0C692906FDA}.Release|Any CPU.ActiveCfg = Release|Any CPU
		{6A85FD3E-9DC8-41E9-86EC-E0C692906FDA}.Release|Any CPU.Build.0 = Release|Any CPU
	EndGlobalSection
	GlobalSection(SolutionProperties) = preSolution
		HideSolutionNode = FALSE
	EndGlobalSection
	GlobalSection(ExtensibilityGlobals) = postSolution
		SolutionGuid = {3DA23DC7-D734-41D6-8AF1-900FB009DCB4}
	EndGlobalSection
EndGlobal
